
Microsoft Visual Studio Solution File, Format Version 12.00
# Visual Studio Version 16
VisualStudioVersion = 16.0.29709.97
MinimumVisualStudioVersion = 10.0.40219.1
Project("{FAE04EC0-301F-11D3-BF4B-00C04F79EFBC}") = "Kebattle", "Kebattle\Kebattle.csproj", "{944DE47A-912C-45E6-AD65-7B8306D22A99}"
EndProject
Global
	GlobalSection(SolutionConfigurationPlatforms) = preSolution
		Debug|Any CPU = Debug|Any CPU
		Release|Any CPU = Release|Any CPU
	EndGlobalSection
	GlobalSection(ProjectConfigurationPlatforms) = postSolution
		{944DE47A-912C-45E6-AD65-7B8306D22A99}.Debug|Any CPU.ActiveCfg = Debug|Any CPU
		{944DE47A-912C-45E6-AD65-7B8306D22A99}.Debug|Any CPU.Build.0 = Debug|Any CPU
		{944DE47A-912C-45E6-AD65-7B8306D22A99}.Release|Any CPU.ActiveCfg = Release|Any CPU
		{944DE47A-912C-45E6-AD65-7B8306D22A99}.Release|Any CPU.Build.0 = Release|Any CPU
	EndGlobalSection
	GlobalSection(SolutionProperties) = preSolution
		HideSolutionNode = FALSE
	EndGlobalSection
	GlobalSection(ExtensibilityGlobals) = postSolution
		SolutionGuid = {B5297424-143C-4DD2-8D5E-E3E0C101D126}
	EndGlobalSection
EndGlobal
